
Microsoft Visual Studio Solution File, Format Version 12.00
# Visual Studio Version 17
VisualStudioVersion = 17.8.34330.188
MinimumVisualStudioVersion = 10.0.40219.1
Project("{8BC9CEB8-8B4A-11D0-8D11-00A0C91BC942}") = "DayZ-Internal", "DayZ-Internal.vcxproj", "{1B6E23F8-0FF4-4F71-96FD-B9B9BF98ABDB}"
EndProject
Global
	GlobalSection(SolutionConfigurationPlatforms) = preSolution
		Debug|x64 = Debug|x64
		Debug|x86 = Debug|x86
		Release|x64 = Release|x64
		Release|x86 = Release|x86
	EndGlobalSection
	GlobalSection(ProjectConfigurationPlatforms) = postSolution
		{1B6E23F8-0FF4-4F71-96FD-B9B9BF98ABDB}.Debug|x64.ActiveCfg = Debug|x64
		{1B6E23F8-0FF4-4F71-96FD-B9B9BF98ABDB}.Debug|x64.Build.0 = Debug|x64
		{1B6E23F8-0FF4-4F71-96FD-B9B9BF98ABDB}.Debug|x86.ActiveCfg = Debug|Win32
		{1B6E23F8-0FF4-4F71-96FD-B9B9BF98ABDB}.Debug|x86.Build.0 = Debug|Win32
		{1B6E23F8-0FF4-4F71-96FD-B9B9BF98ABDB}.Release|x64.ActiveCfg = Release|x64
		{1B6E23F8-0FF4-4F71-96FD-B9B9BF98ABDB}.Release|x64.Build.0 = Release|x64
		{1B6E23F8-0FF4-4F71-96FD-B9B9BF98ABDB}.Release|x86.ActiveCfg = Release|Win32
		{1B6E23F8-0FF4-4F71-96FD-B9B9BF98ABDB}.Release|x86.Build.0 = Release|Win32
	EndGlobalSection
	GlobalSection(SolutionProperties) = preSolution
		HideSolutionNode = FALSE
	EndGlobalSection
	GlobalSection(ExtensibilityGlobals) = postSolution
		SolutionGuid = {F58FC756-591D-4C19-9E01-D2958E12F7A7}
	EndGlobalSection
EndGlobal
