<?xml version="1.0" encoding="utf-8"?>
<Project ToolsVersion="4.0" xmlns="http://schemas.microsoft.com/developer/msbuild/2003">
  <ItemGroup>
    <Filter Include="Source Files">
      <UniqueIdentifier>{4FC737F1-C7A5-4376-A066-2A32D752A2FF}</UniqueIdentifier>
      <Extensions>cpp;c;cc;cxx;c++;cppm;ixx;def;odl;idl;hpj;bat;asm;asmx</Extensions>
    </Filter>
    <Filter Include="Header Files">
      <UniqueIdentifier>{93995380-89BD-4b04-88EB-625FBE52EBFB}</UniqueIdentifier>
      <Extensions>h;hh;hpp;hxx;h++;hm;inl;inc;ipp;xsd</Extensions>
    </Filter>
    <Filter Include="Resource Files">
      <UniqueIdentifier>{67DA6AB6-F800-4c08-8B7A-83BB121AAD01}</UniqueIdentifier>
      <Extensions>rc;ico;cur;bmp;dlg;rc2;rct;bin;rgs;gif;jpg;jpeg;jpe;resx;tiff;tif;png;wav;mfcribbon-ms</Extensions>
    </Filter>
    <Filter Include="Header Files\SingleFile">
      <UniqueIdentifier>{31a77cff-c62d-416a-8194-f86460fe8cc5}</UniqueIdentifier>
    </Filter>
    <Filter Include="Header Files\Imgui">
      <UniqueIdentifier>{2d4d2538-a2ac-41c9-bbc6-985ba3d26c8c}</UniqueIdentifier>
    </Filter>
    <Filter Include="Includes">
      <UniqueIdentifier>{8e5072dc-6c83-43ed-a072-effd826c8601}</UniqueIdentifier>
    </Filter>
    <Filter Include="Includes\modules">
      <UniqueIdentifier>{ce04ad5b-fe42-4747-bcb7-b2abff847be4}</UniqueIdentifier>
    </Filter>
    <Filter Include="Includes\modules\security">
      <UniqueIdentifier>{2a3ea2d8-9cc5-43fc-b9dd-835120b1cba8}</UniqueIdentifier>
    </Filter>
    <Filter Include="Includes\modules\spoofer">
      <UniqueIdentifier>{60661faf-218f-4d98-ae8b-2f110b61bd0d}</UniqueIdentifier>
    </Filter>
    <Filter Include="Includes\modules\windows">
      <UniqueIdentifier>{24485442-79bd-4146-9b58-715e20c4b26b}</UniqueIdentifier>
    </Filter>
  </ItemGroup>
  <ItemGroup>
    <ClCompile Include="entity.cpp">
      <Filter>Source Files</Filter>
    </ClCompile>
    <ClCompile Include="globals.cpp">
      <Filter>Source Files</Filter>
    </ClCompile>
    <ClCompile Include="main.cpp">
      <Filter>Source Files</Filter>
    </ClCompile>
    <ClCompile Include="overlay.cpp">
      <Filter>Source Files</Filter>
    </ClCompile>
    <ClCompile Include="Imgui\imgui.cpp">
      <Filter>Header Files\Imgui</Filter>
    </ClCompile>
    <ClCompile Include="Imgui\imgui_draw.cpp">
      <Filter>Header Files\Imgui</Filter>
    </ClCompile>
    <ClCompile Include="Imgui\imgui_impl_dx9.cpp">
      <Filter>Header Files\Imgui</Filter>
    </ClCompile>
    <ClCompile Include="Imgui\imgui_impl_win32.cpp">
      <Filter>Header Files\Imgui</Filter>
    </ClCompile>
    <ClCompile Include="Imgui\imgui_widgets.cpp">
      <Filter>Header Files\Imgui</Filter>
    </ClCompile>
  </ItemGroup>
  <ItemGroup>
    <ClInclude Include="globals.h">
      <Filter>Header Files</Filter>
    </ClInclude>
    <ClInclude Include="offsets.h">
      <Filter>Header Files</Filter>
    </ClInclude>
    <ClInclude Include="overlay.h">
      <Filter>Header Files</Filter>
    </ClInclude>
    <ClInclude Include="memory.h">
      <Filter>Header Files\SingleFile</Filter>
    </ClInclude>
    <ClInclude Include="SDK.h">
      <Filter>Header Files\SingleFile</Filter>
    </ClInclude>
    <ClInclude Include="vector.h">
      <Filter>Header Files\SingleFile</Filter>
    </ClInclude>
    <ClInclude Include="drawings.h">
      <Filter>Header Files\SingleFile</Filter>
    </ClInclude>
    <ClInclude Include="Imgui\imconfig.h">
      <Filter>Header Files\Imgui</Filter>
    </ClInclude>
    <ClInclude Include="Imgui\imgui.h">
      <Filter>Header Files\Imgui</Filter>
    </ClInclude>
    <ClInclude Include="Imgui\imgui_impl_dx9.h">
      <Filter>Header Files\Imgui</Filter>
    </ClInclude>
    <ClInclude Include="Imgui\imgui_impl_win32.h">
      <Filter>Header Files\Imgui</Filter>
    </ClInclude>
    <ClInclude Include="Imgui\imgui_internal.h">
      <Filter>Header Files\Imgui</Filter>
    </ClInclude>
    <ClInclude Include="Imgui\imstb_rectpack.h">
      <Filter>Header Files\Imgui</Filter>
    </ClInclude>
    <ClInclude Include="Imgui\imstb_textedit.h">
      <Filter>Header Files\Imgui</Filter>
    </ClInclude>
    <ClInclude Include="Imgui\imstb_truetype.h">
      <Filter>Header Files\Imgui</Filter>
    </ClInclude>
    <ClInclude Include="GLFW\glfw3.h">
      <Filter>Header Files</Filter>
    </ClInclude>
    <ClInclude Include="GLFW\glfw3native.h">
      <Filter>Header Files</Filter>
    </ClInclude>
    <ClInclude Include="includes\modules\modules.h">
      <Filter>Includes\modules</Filter>
    </ClInclude>
    <ClInclude Include="includes\modules\security\global.h">
      <Filter>Includes\modules\security</Filter>
    </ClInclude>
    <ClInclude Include="includes\modules\security\hidecall.h">
      <Filter>Includes\modules\security</Filter>
    </ClInclude>
    <ClInclude Include="includes\modules\security\lazy_importer.h">
      <Filter>Includes\modules\security</Filter>
    </ClInclude>
    <ClInclude Include="includes\modules\security\memory.h">
      <Filter>Includes\modules\security</Filter>
    </ClInclude>
    <ClInclude Include="includes\modules\security\SkCrypt.h">
      <Filter>Includes\modules\security</Filter>
    </ClInclude>
    <ClInclude Include="includes\modules\security\umium.h">
      <Filter>Includes\modules\security</Filter>
    </ClInclude>
    <ClInclude Include="includes\modules\security\xorstr.h">
      <Filter>Includes\modules\security</Filter>
    </ClInclude>
    <ClInclude Include="includes\modules\spoofer\call_stack_spoofer.hpp">
      <Filter>Includes\modules\spoofer</Filter>
    </ClInclude>
    <ClInclude Include="includes\modules\spoofer\spoofer.hpp">
      <Filter>Includes\modules\spoofer</Filter>
    </ClInclude>
    <ClInclude Include="includes\modules\windows\windows_api.h">
      <Filter>Includes\modules\windows</Filter>
    </ClInclude>
  </ItemGroup>
  <ItemGroup>
    <MASM Include="includes\modules\spoofer\return.asm">
      <Filter>Includes\modules\spoofer</Filter>
    </MASM>
    <MASM Include="includes\modules\spoofer\spoof.asm">
      <Filter>Includes\modules\spoofer</Filter>
    </MASM>
  </ItemGroup>
</Project>